
Microsoft Visual Studio Solution File, Format Version 12.00
# Visual Studio Version 16
VisualStudioVersion = 16.0.31829.152
MinimumVisualStudioVersion = 10.0.40219.1
Project("{FAE04EC0-301F-11D3-BF4B-00C04F79EFBC}") = "Enum", "Enum\Enum.csproj", "{EEE84B17-89E4-408D-A70C-A462BF1F72B9}"
EndProject
Global
	GlobalSection(SolutionConfigurationPlatforms) = preSolution
		Debug|Any CPU = Debug|Any CPU
		Release|Any CPU = Release|Any CPU
	EndGlobalSection
	GlobalSection(ProjectConfigurationPlatforms) = postSolution
		{EEE84B17-89E4-408D-A70C-A462BF1F72B9}.Debug|Any CPU.ActiveCfg = Debug|Any CPU
		{EEE84B17-89E4-408D-A70C-A462BF1F72B9}.Debug|Any CPU.Build.0 = Debug|Any CPU
		{EEE84B17-89E4-408D-A70C-A462BF1F72B9}.Release|Any CPU.ActiveCfg = Release|Any CPU
		{EEE84B17-89E4-408D-A70C-A462BF1F72B9}.Release|Any CPU.Build.0 = Release|Any CPU
	EndGlobalSection
	GlobalSection(SolutionProperties) = preSolution
		HideSolutionNode = FALSE
	EndGlobalSection
	GlobalSection(ExtensibilityGlobals) = postSolution
		SolutionGuid = {5F943324-6FFE-407E-B0BD-0F26C48B9F7E}
	EndGlobalSection
EndGlobal
