
Microsoft Visual Studio Solution File, Format Version 12.00
# Visual Studio Version 16
VisualStudioVersion = 16.0.31829.152
MinimumVisualStudioVersion = 10.0.40219.1
Project("{FAE04EC0-301F-11D3-BF4B-00C04F79EFBC}") = "ExpresionesRegulares", "ExpresionesRegulares\ExpresionesRegulares.csproj", "{7F1D2FF3-4F94-4720-B9A3-3A7CC5CC0BDA}"
EndProject
Global
	GlobalSection(SolutionConfigurationPlatforms) = preSolution
		Debug|Any CPU = Debug|Any CPU
		Release|Any CPU = Release|Any CPU
	EndGlobalSection
	GlobalSection(ProjectConfigurationPlatforms) = postSolution
		{7F1D2FF3-4F94-4720-B9A3-3A7CC5CC0BDA}.Debug|Any CPU.ActiveCfg = Debug|Any CPU
		{7F1D2FF3-4F94-4720-B9A3-3A7CC5CC0BDA}.Debug|Any CPU.Build.0 = Debug|Any CPU
		{7F1D2FF3-4F94-4720-B9A3-3A7CC5CC0BDA}.Release|Any CPU.ActiveCfg = Release|Any CPU
		{7F1D2FF3-4F94-4720-B9A3-3A7CC5CC0BDA}.Release|Any CPU.Build.0 = Release|Any CPU
	EndGlobalSection
	GlobalSection(SolutionProperties) = preSolution
		HideSolutionNode = FALSE
	EndGlobalSection
	GlobalSection(ExtensibilityGlobals) = postSolution
		SolutionGuid = {643FDD21-3A8C-4626-80DD-30F1EEBCC541}
	EndGlobalSection
EndGlobal
