
Microsoft Visual Studio Solution File, Format Version 12.00
# Visual Studio Version 16
VisualStudioVersion = 16.0.31829.152
MinimumVisualStudioVersion = 10.0.40219.1
Project("{FAE04EC0-301F-11D3-BF4B-00C04F79EFBC}") = "GruposAmigos(Arrays Irregulares)", "GruposAmigos(Arrays Irregulares)\GruposAmigos(Arrays Irregulares).csproj", "{460323C1-5450-4E9B-B06B-40D215DEA9DA}"
EndProject
Global
	GlobalSection(SolutionConfigurationPlatforms) = preSolution
		Debug|Any CPU = Debug|Any CPU
		Release|Any CPU = Release|Any CPU
	EndGlobalSection
	GlobalSection(ProjectConfigurationPlatforms) = postSolution
		{460323C1-5450-4E9B-B06B-40D215DEA9DA}.Debug|Any CPU.ActiveCfg = Debug|Any CPU
		{460323C1-5450-4E9B-B06B-40D215DEA9DA}.Debug|Any CPU.Build.0 = Debug|Any CPU
		{460323C1-5450-4E9B-B06B-40D215DEA9DA}.Release|Any CPU.ActiveCfg = Release|Any CPU
		{460323C1-5450-4E9B-B06B-40D215DEA9DA}.Release|Any CPU.Build.0 = Release|Any CPU
	EndGlobalSection
	GlobalSection(SolutionProperties) = preSolution
		HideSolutionNode = FALSE
	EndGlobalSection
	GlobalSection(ExtensibilityGlobals) = postSolution
		SolutionGuid = {FD507D4C-95D8-492E-8C6E-AD3C736E50CF}
	EndGlobalSection
EndGlobal
