
Microsoft Visual Studio Solution File, Format Version 12.00
# Visual Studio Version 16
VisualStudioVersion = 16.0.31829.152
MinimumVisualStudioVersion = 10.0.40219.1
Project("{FAE04EC0-301F-11D3-BF4B-00C04F79EFBC}") = "ArrayListVSList", "ArrayListVSList\ArrayListVSList.csproj", "{B9C62315-555D-4C2C-8921-55DE863637DD}"
EndProject
Global
	GlobalSection(SolutionConfigurationPlatforms) = preSolution
		Debug|Any CPU = Debug|Any CPU
		Release|Any CPU = Release|Any CPU
	EndGlobalSection
	GlobalSection(ProjectConfigurationPlatforms) = postSolution
		{B9C62315-555D-4C2C-8921-55DE863637DD}.Debug|Any CPU.ActiveCfg = Debug|Any CPU
		{B9C62315-555D-4C2C-8921-55DE863637DD}.Debug|Any CPU.Build.0 = Debug|Any CPU
		{B9C62315-555D-4C2C-8921-55DE863637DD}.Release|Any CPU.ActiveCfg = Release|Any CPU
		{B9C62315-555D-4C2C-8921-55DE863637DD}.Release|Any CPU.Build.0 = Release|Any CPU
	EndGlobalSection
	GlobalSection(SolutionProperties) = preSolution
		HideSolutionNode = FALSE
	EndGlobalSection
	GlobalSection(ExtensibilityGlobals) = postSolution
		SolutionGuid = {30D28AAC-FFB1-417D-8AE6-68331E2DA2E0}
	EndGlobalSection
EndGlobal
